
Microsoft Visual Studio Solution File, Format Version 12.00
# Visual Studio 15
VisualStudioVersion = 15.0.27703.2042
MinimumVisualStudioVersion = 10.0.40219.1
Project("{FAE04EC0-301F-11D3-BF4B-00C04F79EFBC}") = "tun2socks", "tun2socks\tun2socks.csproj", "{5AFB025C-B80A-42B5-A928-14D29447A175}"
EndProject
Global
	GlobalSection(SolutionConfigurationPlatforms) = preSolution
		Debug|Any CPU = Debug|Any CPU
		Debug|x86 = Debug|x86
		Release|Any CPU = Release|Any CPU
		Release|x86 = Release|x86
	EndGlobalSection
	GlobalSection(ProjectConfigurationPlatforms) = postSolution
		{5AFB025C-B80A-42B5-A928-14D29447A175}.Debug|Any CPU.ActiveCfg = Debug|Any CPU
		{5AFB025C-B80A-42B5-A928-14D29447A175}.Debug|Any CPU.Build.0 = Debug|Any CPU
		{5AFB025C-B80A-42B5-A928-14D29447A175}.Debug|x86.ActiveCfg = Debug|Any CPU
		{5AFB025C-B80A-42B5-A928-14D29447A175}.Debug|x86.Build.0 = Debug|Any CPU
		{5AFB025C-B80A-42B5-A928-14D29447A175}.Release|Any CPU.ActiveCfg = Release|Any CPU
		{5AFB025C-B80A-42B5-A928-14D29447A175}.Release|Any CPU.Build.0 = Release|Any CPU
		{5AFB025C-B80A-42B5-A928-14D29447A175}.Release|x86.ActiveCfg = Release|Any CPU
		{5AFB025C-B80A-42B5-A928-14D29447A175}.Release|x86.Build.0 = Release|Any CPU
	EndGlobalSection
	GlobalSection(SolutionProperties) = preSolution
		HideSolutionNode = FALSE
	EndGlobalSection
	GlobalSection(ExtensibilityGlobals) = postSolution
		SolutionGuid = {2C345EA1-3D67-43A9-B1DE-4781290BD7C8}
	EndGlobalSection
EndGlobal
